{
  "name": "create-openclaw-octo-mail",
  "version": "0.1.0",
  "lockfileVersion": 3,
  "requires": true,
  "packages": {
    "": {
      "name": "create-openclaw-octo-mail",
      "version": "0.1.0",
      "license": "UNLICENSED",
      "bin": {
        "create-openclaw-octo-mail": "bin/create-openclaw-octo-mail.mjs"
      },
      "engines": {
        "node": ">=22.22.3"
      }
    }
  }
}
